// !$*UTF8*$!
{
	archiveVersion = 1;
	classes = {
	};
	objectVersion = 56;
	objects = {

/* Begin PBXBuildFile section */
		523601342C4DE61C00952295 /* AppetizerApp.swift in Sources */ = {isa = PBXBuildFile; fileRef = 523601332C4DE61C00952295 /* AppetizerApp.swift */; };
		523601362C4DE61C00952295 /* ContentView.swift in Sources */ = {isa = PBXBuildFile; fileRef = 523601352C4DE61C00952295 /* ContentView.swift */; };
		523601382C4DE61E00952295 /* Assets.xcassets in Resources */ = {isa = PBXBuildFile; fileRef = 523601372C4DE61E00952295 /* Assets.xcassets */; };
		5236013B2C4DE61E00952295 /* Preview Assets.xcassets in Resources */ = {isa = PBXBuildFile; fileRef = 5236013A2C4DE61E00952295 /* Preview Assets.xcassets */; };
		523601452C4DE61F00952295 /* AppetizerTests.swift in Sources */ = {isa = PBXBuildFile; fileRef = 523601442C4DE61F00952295 /* AppetizerTests.swift */; };
		5236014F2C4DE61F00952295 /* AppetizerUITests.swift in Sources */ = {isa = PBXBuildFile; fileRef = 5236014E2C4DE61F00952295 /* AppetizerUITests.swift */; };
		523601512C4DE61F00952295 /* AppetizerUITestsLaunchTests.swift in Sources */ = {isa = PBXBuildFile; fileRef = 523601502C4DE61F00952295 /* AppetizerUITestsLaunchTests.swift */; };
/* End PBXBuildFile section */

/* Begin PBXContainerItemProxy section */
		523601412C4DE61F00952295 /* PBXContainerItemProxy */ = {
			isa = PBXContainerItemProxy;
			containerPortal = 523601282C4DE61C00952295 /* Project object */;
			proxyType = 1;
			remoteGlobalIDString = 5236012F2C4DE61C00952295;
			remoteInfo = Appetizer;
		};
		5236014B2C4DE61F00952295 /* PBXContainerItemProxy */ = {
			isa = PBXContainerItemProxy;
			containerPortal = 523601282C4DE61C00952295 /* Project object */;
			proxyType = 1;
			remoteGlobalIDString = 5236012F2C4DE61C00952295;
			remoteInfo = Appetizer;
		};
/* End PBXContainerItemProxy section */

/* Begin PBXFileReference section */
		523601302C4DE61C00952295 /* Appetizer.app */ = {isa = PBXFileReference; explicitFileType = wrapper.application; includeInIndex = 0; path = Appetizer.app; sourceTree = BUILT_PRODUCTS_DIR; };
		523601332C4DE61C00952295 /* AppetizerApp.swift */ = {isa = PBXFileReference; lastKnownFileType = sourcecode.swift; path = AppetizerApp.swift; sourceTree = "<group>"; };
		523601352C4DE61C00952295 /* ContentView.swift */ = {isa = PBXFileReference; lastKnownFileType = sourcecode.swift; path = ContentView.swift; sourceTree = "<group>"; };
		523601372C4DE61E00952295 /* Assets.xcassets */ = {isa = PBXFileReference; lastKnownFileType = folder.assetcatalog; path = Assets.xcassets; sourceTree = "<group>"; };
		5236013A2C4DE61E00952295 /* Preview Assets.xcassets */ = {isa = PBXFileReference; lastKnownFileType = folder.assetcatalog; path = "Preview Assets.xcassets"; sourceTree = "<group>"; };
		523601402C4DE61F00952295 /* AppetizerTests.xctest */ = {isa = PBXFileReference; explicitFileType = wrapper.cfbundle; includeInIndex = 0; path = AppetizerTests.xctest; sourceTree = BUILT_PRODUCTS_DIR; };
		523601442C4DE61F00952295 /* AppetizerTests.swift */ = {isa = PBXFileReference; lastKnownFileType = sourcecode.swift; path = AppetizerTests.swift; sourceTree = "<group>"; };
		5236014A2C4DE61F00952295 /* AppetizerUITests.xctest */ = {isa = PBXFileReference; explicitFileType = wrapper.cfbundle; includeInIndex = 0; path = AppetizerUITests.xctest; sourceTree = BUILT_PRODUCTS_DIR; };
		5236014E2C4DE61F00952295 /* AppetizerUITests.swift */ = {isa = PBXFileReference; lastKnownFileType = sourcecode.swift; path = AppetizerUITests.swift; sourceTree = "<group>"; };
		523601502C4DE61F00952295 /* AppetizerUITestsLaunchTests.swift */ = {isa = PBXFileReference; lastKnownFileType = sourcecode.swift; path = AppetizerUITestsLaunchTests.swift; sourceTree = "<group>"; };
/* End PBXFileReference section */

/* Begin PBXFrameworksBuildPhase section */
		5236012D2C4DE61C00952295 /* Frameworks */ = {
			isa = PBXFrameworksBuildPhase;
			buildActionMask = 2147483647;
			files = (
			);
			runOnlyForDeploymentPostprocessing = 0;
		};
		5236013D2C4DE61F00952295 /* Frameworks */ = {
			isa = PBXFrameworksBuildPhase;
			buildActionMask = 2147483647;
			files = (
			);
			runOnlyForDeploymentPostprocessing = 0;
		};
		523601472C4DE61F00952295 /* Frameworks */ = {
			isa = PBXFrameworksBuildPhase;
			buildActionMask = 2147483647;
			files = (
			);
			runOnlyForDeploymentPostprocessing = 0;
		};
/* End PBXFrameworksBuildPhase section */

/* Begin PBXGroup section */
		523601272C4DE61C00952295 = {
			isa = PBXGroup;
			children = (
				523601322C4DE61C00952295 /* Appetizer */,
				523601432C4DE61F00952295 /* AppetizerTests */,
				5236014D2C4DE61F00952295 /* AppetizerUITests */,
				523601312C4DE61C00952295 /* Products */,
			);
			sourceTree = "<group>";
		};
		523601312C4DE61C00952295 /* Products */ = {
			isa = PBXGroup;
			children = (
				523601302C4DE61C00952295 /* Appetizer.app */,
				523601402C4DE61F00952295 /* AppetizerTests.xctest */,
				5236014A2C4DE61F00952295 /* AppetizerUITests.xctest */,
			);
			name = Products;
			sourceTree = "<group>";
		};
		523601322C4DE61C00952295 /* Appetizer */ = {
			isa = PBXGroup;
			children = (
				523601332C4DE61C00952295 /* AppetizerApp.swift */,
				523601352C4DE61C00952295 /* ContentView.swift */,
				523601372C4DE61E00952295 /* Assets.xcassets */,
				523601392C4DE61E00952295 /* Preview Content */,
			);
			path = Appetizer;
			sourceTree = "<group>";
		};
		523601392C4DE61E00952295 /* Preview Content */ = {
			isa = PBXGroup;
			children = (
				5236013A2C4DE61E00952295 /* Preview Assets.xcassets */,
			);
			path = "Preview Content";
			sourceTree = "<group>";
		};
		523601432C4DE61F00952295 /* AppetizerTests */ = {
			isa = PBXGroup;
			children = (
				523601442C4DE61F00952295 /* AppetizerTests.swift */,
			);
			path = AppetizerTests;
			sourceTree = "<group>";
		};
		5236014D2C4DE61F00952295 /* AppetizerUITests */ = {
			isa = PBXGroup;
			children = (
				5236014E2C4DE61F00952295 /* AppetizerUITests.swift */,
				523601502C4DE61F00952295 /* AppetizerUITestsLaunchTests.swift */,
			);
			path = AppetizerUITests;
			sourceTree = "<group>";
		};
/* End PBXGroup section */

/* Begin PBXNativeTarget section */
		5236012F2C4DE61C00952295 /* Appetizer */ = {
			isa = PBXNativeTarget;
			buildConfigurationList = 523601542C4DE61F00952295 /* Build configuration list for PBXNativeTarget "Appetizer" */;
			buildPhases = (
				5236012C2C4DE61C00952295 /* Sources */,
				5236012D2C4DE61C00952295 /* Frameworks */,
				5236012E2C4DE61C00952295 /* Resources */,
			);
			buildRules = (
			);
			dependencies = (
			);
			name = Appetizer;
			productName = Appetizer;
			productReference = 523601302C4DE61C00952295 /* Appetizer.app */;
			productType = "com.apple.product-type.application";
		};
		5236013F2C4DE61F00952295 /* AppetizerTests */ = {
			isa = PBXNativeTarget;
			buildConfigurationList = 523601572C4DE61F00952295 /* Build configuration list for PBXNativeTarget "AppetizerTests" */;
			buildPhases = (
				5236013C2C4DE61F00952295 /* Sources */,
				5236013D2C4DE61F00952295 /* Frameworks */,
				5236013E2C4DE61F00952295 /* Resources */,
			);
			buildRules = (
			);
			dependencies = (
				523601422C4DE61F00952295 /* PBXTargetDependency */,
			);
			name = AppetizerTests;
			productName = AppetizerTests;
			productReference = 523601402C4DE61F00952295 /* AppetizerTests.xctest */;
			productType = "com.apple.product-type.bundle.unit-test";
		};
		523601492C4DE61F00952295 /* AppetizerUITests */ = {
			isa = PBXNativeTarget;
			buildConfigurationList = 5236015A2C4DE61F00952295 /* Build configuration list for PBXNativeTarget "AppetizerUITests" */;
			buildPhases = (
				523601462C4DE61F00952295 /* Sources */,
				523601472C4DE61F00952295 /* Frameworks */,
				523601482C4DE61F00952295 /* Resources */,
			);
			buildRules = (
			);
			dependencies = (
				5236014C2C4DE61F00952295 /* PBXTargetDependency */,
			);
			name = AppetizerUITests;
			productName = AppetizerUITests;
			productReference = 5236014A2C4DE61F00952295 /* AppetizerUITests.xctest */;
			productType = "com.apple.product-type.bundle.ui-testing";
		};
/* End PBXNativeTarget section */

/* Begin PBXProject section */
		523601282C4DE61C00952295 /* Project object */ = {
			isa = PBXProject;
			attributes = {
				BuildIndependentTargetsInParallel = 1;
				LastSwiftUpdateCheck = 1510;
				LastUpgradeCheck = 1510;
				TargetAttributes = {
					5236012F2C4DE61C00952295 = {
						CreatedOnToolsVersion = 15.1;
					};
					5236013F2C4DE61F00952295 = {
						CreatedOnToolsVersion = 15.1;
						TestTargetID = 5236012F2C4DE61C00952295;
					};
					523601492C4DE61F00952295 = {
						CreatedOnToolsVersion = 15.1;
						TestTargetID = 5236012F2C4DE61C00952295;
					};
				};
			};
			buildConfigurationList = 5236012B2C4DE61C00952295 /* Build configuration list for PBXProject "Appetizer" */;
			compatibilityVersion = "Xcode 14.0";
			developmentRegion = en;
			hasScannedForEncodings = 0;
			knownRegions = (
				en,
				Base,
			);
			mainGroup = 523601272C4DE61C00952295;
			productRefGroup = 523601312C4DE61C00952295 /* Products */;
			projectDirPath = "";
			projectRoot = "";
			targets = (
				5236012F2C4DE61C00952295 /* Appetizer */,
				5236013F2C4DE61F00952295 /* AppetizerTests */,
				523601492C4DE61F00952295 /* AppetizerUITests */,
			);
		};
/* End PBXProject section */

/* Begin PBXResourcesBuildPhase section */
		5236012E2C4DE61C00952295 /* Resources */ = {
			isa = PBXResourcesBuildPhase;
			buildActionMask = 2147483647;
			files = (
				5236013B2C4DE61E00952295 /* Preview Assets.xcassets in Resources */,
				523601382C4DE61E00952295 /* Assets.xcassets in Resources */,
			);
			runOnlyForDeploymentPostprocessing = 0;
		};
		5236013E2C4DE61F00952295 /* Resources */ = {
			isa = PBXResourcesBuildPhase;
			buildActionMask = 2147483647;
			files = (
			);
			runOnlyForDeploymentPostprocessing = 0;
		};
		523601482C4DE61F00952295 /* Resources */ = {
			isa = PBXResourcesBuildPhase;
			buildActionMask = 2147483647;
			files = (
			);
			runOnlyForDeploymentPostprocessing = 0;
		};
/* End PBXResourcesBuildPhase section */

/* Begin PBXSourcesBuildPhase section */
		5236012C2C4DE61C00952295 /* Sources */ = {
			isa = PBXSourcesBuildPhase;
			buildActionMask = 2147483647;
			files = (
				523601362C4DE61C00952295 /* ContentView.swift in Sources */,
				523601342C4DE61C00952295 /* AppetizerApp.swift in Sources */,
			);
			runOnlyForDeploymentPostprocessing = 0;
		};
		5236013C2C4DE61F00952295 /* Sources */ = {
			isa = PBXSourcesBuildPhase;
			buildActionMask = 2147483647;
			files = (
				523601452C4DE61F00952295 /* AppetizerTests.swift in Sources */,
			);
			runOnlyForDeploymentPostprocessing = 0;
		};
		523601462C4DE61F00952295 /* Sources */ = {
			isa = PBXSourcesBuildPhase;
			buildActionMask = 2147483647;
			files = (
				5236014F2C4DE61F00952295 /* AppetizerUITests.swift in Sources */,
				523601512C4DE61F00952295 /* AppetizerUITestsLaunchTests.swift in Sources */,
			);
			runOnlyForDeploymentPostprocessing = 0;
		};
/* End PBXSourcesBuildPhase section */

/* Begin PBXTargetDependency section */
		523601422C4DE61F00952295 /* PBXTargetDependency */ = {
			isa = PBXTargetDependency;
			target = 5236012F2C4DE61C00952295 /* Appetizer */;
			targetProxy = 523601412C4DE61F00952295 /* PBXContainerItemProxy */;
		};
		5236014C2C4DE61F00952295 /* PBXTargetDependency */ = {
			isa = PBXTargetDependency;
			target = 5236012F2C4DE61C00952295 /* Appetizer */;
			targetProxy = 5236014B2C4DE61F00952295 /* PBXContainerItemProxy */;
		};
/* End PBXTargetDependency section */

/* Begin XCBuildConfiguration section */
		523601522C4DE61F00952295 /* Debug */ = {
			isa = XCBuildConfiguration;
			buildSettings = {
				ALWAYS_SEARCH_USER_PATHS = NO;
				ASSETCATALOG_COMPILER_GENERATE_SWIFT_ASSET_SYMBOL_EXTENSIONS = YES;
				CLANG_ANALYZER_NONNULL = YES;
				CLANG_ANALYZER_NUMBER_OBJECT_CONVERSION = YES_AGGRESSIVE;
				CLANG_CXX_LANGUAGE_STANDARD = "gnu++20";
				CLANG_ENABLE_MODULES = YES;
				CLANG_ENABLE_OBJC_ARC = YES;
				CLANG_ENABLE_OBJC_WEAK = YES;
				CLANG_WARN_BLOCK_CAPTURE_AUTORELEASING = YES;
				CLANG_WARN_BOOL_CONVERSION = YES;
				CLANG_WARN_COMMA = YES;
				CLANG_WARN_CONSTANT_CONVERSION = YES;
				CLANG_WARN_DEPRECATED_OBJC_IMPLEMENTATIONS = YES;
				CLANG_WARN_DIRECT_OBJC_ISA_USAGE = YES_ERROR;
				CLANG_WARN_DOCUMENTATION_COMMENTS = YES;
				CLANG_WARN_EMPTY_BODY = YES;
				CLANG_WARN_ENUM_CONVERSION = YES;
				CLANG_WARN_INFINITE_RECURSION = YES;
				CLANG_WARN_INT_CONVERSION = YES;
				CLANG_WARN_NON_LITERAL_NULL_CONVERSION = YES;
				CLANG_WARN_OBJC_IMPLICIT_RETAIN_SELF = YES;
				CLANG_WARN_OBJC_LITERAL_CONVERSION = YES;
				CLANG_WARN_OBJC_ROOT_CLASS = YES_ERROR;
				CLANG_WARN_QUOTED_INCLUDE_IN_FRAMEWORK_HEADER = YES;
				CLANG_WARN_RANGE_LOOP_ANALYSIS = YES;
				CLANG_WARN_STRICT_PROTOTYPES = YES;
				CLANG_WARN_SUSPICIOUS_MOVE = YES;
				CLANG_WARN_UNGUARDED_AVAILABILITY = YES_AGGRESSIVE;
				CLANG_WARN_UNREACHABLE_CODE = YES;
				CLANG_WARN__DUPLICATE_METHOD_MATCH = YES;
				COPY_PHASE_STRIP = NO;
				DEBUG_INFORMATION_FORMAT = dwarf;
				ENABLE_STRICT_OBJC_MSGSEND = YES;
				ENABLE_TESTABILITY = YES;
				ENABLE_USER_SCRIPT_SANDBOXING = YES;
				GCC_C_LANGUAGE_STANDARD = gnu17;
				GCC_DYNAMIC_NO_PIC = NO;
				GCC_NO_COMMON_BLOCKS = YES;
				GCC_OPTIMIZATION_LEVEL = 0;
				GCC_PREPROCESSOR_DEFINITIONS = (
					"DEBUG=1",
					"$(inherited)",
				);
				GCC_WARN_64_TO_32_BIT_CONVERSION = YES;
				GCC_WARN_ABOUT_RETURN_TYPE = YES_ERROR;
				GCC_WARN_UNDECLARED_SELECTOR = YES;
				GCC_WARN_UNINITIALIZED_AUTOS = YES_AGGRESSIVE;
				GCC_WARN_UNUSED_FUNCTION = YES;
				GCC_WARN_UNUSED_VARIABLE = YES;
				IPHONEOS_DEPLOYMENT_TARGET = 17.2;
				LOCALIZATION_PREFERS_STRING_CATALOGS = YES;
				MTL_ENABLE_DEBUG_INFO = INCLUDE_SOURCE;
				MTL_FAST_MATH = YES;
				ONLY_ACTIVE_ARCH = YES;
				SDKROOT = iphoneos;
				SWIFT_ACTIVE_COMPILATION_CONDITIONS = "DEBUG $(inherited)";
				SWIFT_OPTIMIZATION_LEVEL = "-Onone";
			};
			name = Debug;
		};
		523601532C4DE61F00952295 /* Release */ = {
			isa = XCBuildConfiguration;
			buildSettings = {
				ALWAYS_SEARCH_USER_PATHS = NO;
				ASSETCATALOG_COMPILER_GENERATE_SWIFT_ASSET_SYMBOL_EXTENSIONS = YES;
				CLANG_ANALYZER_NONNULL = YES;
				CLANG_ANALYZER_NUMBER_OBJECT_CONVERSION = YES_AGGRESSIVE;
				CLANG_CXX_LANGUAGE_STANDARD = "gnu++20";
				CLANG_ENABLE_MODULES = YES;
				CLANG_ENABLE_OBJC_ARC = YES;
				CLANG_ENABLE_OBJC_WEAK = YES;
				CLANG_WARN_BLOCK_CAPTURE_AUTORELEASING = YES;
				CLANG_WARN_BOOL_CONVERSION = YES;
				CLANG_WARN_COMMA = YES;
				CLANG_WARN_CONSTANT_CONVERSION = YES;
				CLANG_WARN_DEPRECATED_OBJC_IMPLEMENTATIONS = YES;
				CLANG_WARN_DIRECT_OBJC_ISA_USAGE = YES_ERROR;
				CLANG_WARN_DOCUMENTATION_COMMENTS = YES;
				CLANG_WARN_EMPTY_BODY = YES;
				CLANG_WARN_ENUM_CONVERSION = YES;
				CLANG_WARN_INFINITE_RECURSION = YES;
				CLANG_WARN_INT_CONVERSION = YES;
				CLANG_WARN_NON_LITERAL_NULL_CONVERSION = YES;
				CLANG_WARN_OBJC_IMPLICIT_RETAIN_SELF = YES;
				CLANG_WARN_OBJC_LITERAL_CONVERSION = YES;
				CLANG_WARN_OBJC_ROOT_CLASS = YES_ERROR;
				CLANG_WARN_QUOTED_INCLUDE_IN_FRAMEWORK_HEADER = YES;
				CLANG_WARN_RANGE_LOOP_ANALYSIS = YES;
				CLANG_WARN_STRICT_PROTOTYPES = YES;
				CLANG_WARN_SUSPICIOUS_MOVE = YES;
				CLANG_WARN_UNGUARDED_AVAILABILITY = YES_AGGRESSIVE;
				CLANG_WARN_UNREACHABLE_CODE = YES;
				CLANG_WARN__DUPLICATE_METHOD_MATCH = YES;
				COPY_PHASE_STRIP = NO;
				DEBUG_INFORMATION_FORMAT = "dwarf-with-dsym";
				ENABLE_NS_ASSERTIONS = NO;
				ENABLE_STRICT_OBJC_MSGSEND = YES;
				ENABLE_USER_SCRIPT_SANDBOXING = YES;
				GCC_C_LANGUAGE_STANDARD = gnu17;
				GCC_NO_COMMON_BLOCKS = YES;
				GCC_WARN_64_TO_32_BIT_CONVERSION = YES;
				GCC_WARN_ABOUT_RETURN_TYPE = YES_ERROR;
				GCC_WARN_UNDECLARED_SELECTOR = YES;
				GCC_WARN_UNINITIALIZED_AUTOS = YES_AGGRESSIVE;
				GCC_WARN_UNUSED_FUNCTION = YES;
				GCC_WARN_UNUSED_VARIABLE = YES;
				IPHONEOS_DEPLOYMENT_TARGET = 17.2;
				LOCALIZATION_PREFERS_STRING_CATALOGS = YES;
				MTL_ENABLE_DEBUG_INFO = NO;
				MTL_FAST_MATH = YES;
				SDKROOT = iphoneos;
				SWIFT_COMPILATION_MODE = wholemodule;
				VALIDATE_PRODUCT = YES;
			};
			name = Release;
		};
		523601552C4DE61F00952295 /* Debug */ = {
			isa = XCBuildConfiguration;
			buildSettings = {
				ASSETCATALOG_COMPILER_APPICON_NAME = AppIcon;
				ASSETCATALOG_COMPILER_GLOBAL_ACCENT_COLOR_NAME = AccentColor;
				CODE_SIGN_STYLE = Automatic;
				CURRENT_PROJECT_VERSION = 1;
				DEVELOPMENT_ASSET_PATHS = "\"Appetizer/Preview Content\"";
				ENABLE_PREVIEWS = YES;
				GENERATE_INFOPLIST_FILE = YES;
				INFOPLIST_KEY_UIApplicationSceneManifest_Generation = YES;
				INFOPLIST_KEY_UIApplicationSupportsIndirectInputEvents = YES;
				INFOPLIST_KEY_UILaunchScreen_Generation = YES;
				INFOPLIST_KEY_UISupportedInterfaceOrientations_iPad = "UIInterfaceOrientationPortrait UIInterfaceOrientationPortraitUpsideDown UIInterfaceOrientationLandscapeLeft UIInterfaceOrientationLandscapeRight";
				INFOPLIST_KEY_UISupportedInterfaceOrientations_iPhone = "UIInterfaceOrientationPortrait UIInterfaceOrientationLandscapeLeft UIInterfaceOrientationLandscapeRight";
				LD_RUNPATH_SEARCH_PATHS = (
					"$(inherited)",
					"@executable_path/Frameworks",
				);
				MARKETING_VERSION = 1.0;
				PRODUCT_BUNDLE_IDENTIFIER = BackCAPS.Appetizer;
				PRODUCT_NAME = "$(TARGET_NAME)";
				SWIFT_EMIT_LOC_STRINGS = YES;
				SWIFT_VERSION = 5.0;
				TARGETED_DEVICE_FAMILY = "1,2";
			};
			name = Debug;
		};
		523601562C4DE61F00952295 /* Release */ = {
			isa = XCBuildConfiguration;
			buildSettings = {
				ASSETCATALOG_COMPILER_APPICON_NAME = AppIcon;
				ASSETCATALOG_COMPILER_GLOBAL_ACCENT_COLOR_NAME = AccentColor;
				CODE_SIGN_STYLE = Automatic;
				CURRENT_PROJECT_VERSION = 1;
				DEVELOPMENT_ASSET_PATHS = "\"Appetizer/Preview Content\"";
				ENABLE_PREVIEWS = YES;
				GENERATE_INFOPLIST_FILE = YES;
				INFOPLIST_KEY_UIApplicationSceneManifest_Generation = YES;
				INFOPLIST_KEY_UIApplicationSupportsIndirectInputEvents = YES;
				INFOPLIST_KEY_UILaunchScreen_Generation = YES;
				INFOPLIST_KEY_UISupportedInterfaceOrientations_iPad = "UIInterfaceOrientationPortrait UIInterfaceOrientationPortraitUpsideDown UIInterfaceOrientationLandscapeLeft UIInterfaceOrientationLandscapeRight";
				INFOPLIST_KEY_UISupportedInterfaceOrientations_iPhone = "UIInterfaceOrientationPortrait UIInterfaceOrientationLandscapeLeft UIInterfaceOrientationLandscapeRight";
				LD_RUNPATH_SEARCH_PATHS = (
					"$(inherited)",
					"@executable_path/Frameworks",
				);
				MARKETING_VERSION = 1.0;
				PRODUCT_BUNDLE_IDENTIFIER = BackCAPS.Appetizer;
				PRODUCT_NAME = "$(TARGET_NAME)";
				SWIFT_EMIT_LOC_STRINGS = YES;
				SWIFT_VERSION = 5.0;
				TARGETED_DEVICE_FAMILY = "1,2";
			};
			name = Release;
		};
		523601582C4DE61F00952295 /* Debug */ = {
			isa = XCBuildConfiguration;
			buildSettings = {
				ALWAYS_EMBED_SWIFT_STANDARD_LIBRARIES = YES;
				BUNDLE_LOADER = "$(TEST_HOST)";
				CODE_SIGN_STYLE = Automatic;
				CURRENT_PROJECT_VERSION = 1;
				GENERATE_INFOPLIST_FILE = YES;
				IPHONEOS_DEPLOYMENT_TARGET = 17.2;
				MARKETING_VERSION = 1.0;
				PRODUCT_BUNDLE_IDENTIFIER = BackCAPS.AppetizerTests;
				PRODUCT_NAME = "$(TARGET_NAME)";
				SWIFT_EMIT_LOC_STRINGS = NO;
				SWIFT_VERSION = 5.0;
				TARGETED_DEVICE_FAMILY = "1,2";
				TEST_HOST = "$(BUILT_PRODUCTS_DIR)/Appetizer.app/$(BUNDLE_EXECUTABLE_FOLDER_PATH)/Appetizer";
			};
			name = Debug;
		};
		523601592C4DE61F00952295 /* Release */ = {
			isa = XCBuildConfiguration;
			buildSettings = {
				ALWAYS_EMBED_SWIFT_STANDARD_LIBRARIES = YES;
				BUNDLE_LOADER = "$(TEST_HOST)";
				CODE_SIGN_STYLE = Automatic;
				CURRENT_PROJECT_VERSION = 1;
				GENERATE_INFOPLIST_FILE = YES;
				IPHONEOS_DEPLOYMENT_TARGET = 17.2;
				MARKETING_VERSION = 1.0;
				PRODUCT_BUNDLE_IDENTIFIER = BackCAPS.AppetizerTests;
				PRODUCT_NAME = "$(TARGET_NAME)";
				SWIFT_EMIT_LOC_STRINGS = NO;
				SWIFT_VERSION = 5.0;
				TARGETED_DEVICE_FAMILY = "1,2";
				TEST_HOST = "$(BUILT_PRODUCTS_DIR)/Appetizer.app/$(BUNDLE_EXECUTABLE_FOLDER_PATH)/Appetizer";
			};
			name = Release;
		};
		5236015B2C4DE61F00952295 /* Debug */ = {
			isa = XCBuildConfiguration;
			buildSettings = {
				ALWAYS_EMBED_SWIFT_STANDARD_LIBRARIES = YES;
				CODE_SIGN_STYLE = Automatic;
				CURRENT_PROJECT_VERSION = 1;
				GENERATE_INFOPLIST_FILE = YES;
				MARKETING_VERSION = 1.0;
				PRODUCT_BUNDLE_IDENTIFIER = BackCAPS.AppetizerUITests;
				PRODUCT_NAME = "$(TARGET_NAME)";
				SWIFT_EMIT_LOC_STRINGS = NO;
				SWIFT_VERSION = 5.0;
				TARGETED_DEVICE_FAMILY = "1,2";
				TEST_TARGET_NAME = Appetizer;
			};
			name = Debug;
		};
		5236015C2C4DE61F00952295 /* Release */ = {
			isa = XCBuildConfiguration;
			buildSettings = {
				ALWAYS_EMBED_SWIFT_STANDARD_LIBRARIES = YES;
				CODE_SIGN_STYLE = Automatic;
				CURRENT_PROJECT_VERSION = 1;
				GENERATE_INFOPLIST_FILE = YES;
				MARKETING_VERSION = 1.0;
				PRODUCT_BUNDLE_IDENTIFIER = BackCAPS.AppetizerUITests;
				PRODUCT_NAME = "$(TARGET_NAME)";
				SWIFT_EMIT_LOC_STRINGS = NO;
				SWIFT_VERSION = 5.0;
				TARGETED_DEVICE_FAMILY = "1,2";
				TEST_TARGET_NAME = Appetizer;
			};
			name = Release;
		};
/* End XCBuildConfiguration section */

/* Begin XCConfigurationList section */
		5236012B2C4DE61C00952295 /* Build configuration list for PBXProject "Appetizer" */ = {
			isa = XCConfigurationList;
			buildConfigurations = (
				523601522C4DE61F00952295 /* Debug */,
				523601532C4DE61F00952295 /* Release */,
			);
			defaultConfigurationIsVisible = 0;
			defaultConfigurationName = Release;
		};
		523601542C4DE61F00952295 /* Build configuration list for PBXNativeTarget "Appetizer" */ = {
			isa = XCConfigurationList;
			buildConfigurations = (
				523601552C4DE61F00952295 /* Debug */,
				523601562C4DE61F00952295 /* Release */,
			);
			defaultConfigurationIsVisible = 0;
			defaultConfigurationName = Release;
		};
		523601572C4DE61F00952295 /* Build configuration list for PBXNativeTarget "AppetizerTests" */ = {
			isa = XCConfigurationList;
			buildConfigurations = (
				523601582C4DE61F00952295 /* Debug */,
				523601592C4DE61F00952295 /* Release */,
			);
			defaultConfigurationIsVisible = 0;
			defaultConfigurationName = Release;
		};
		5236015A2C4DE61F00952295 /* Build configuration list for PBXNativeTarget "AppetizerUITests" */ = {
			isa = XCConfigurationList;
			buildConfigurations = (
				5236015B2C4DE61F00952295 /* Debug */,
				5236015C2C4DE61F00952295 /* Release */,
			);
			defaultConfigurationIsVisible = 0;
			defaultConfigurationName = Release;
		};
/* End XCConfigurationList section */
	};
	rootObject = 523601282C4DE61C00952295 /* Project object */;
}
